
Microsoft Visual Studio Solution File, Format Version 12.00
# Visual Studio 2013
VisualStudioVersion = 12.0.40629.0
MinimumVisualStudioVersion = 10.0.40219.1
Project("{FAE04EC0-301F-11D3-BF4B-00C04F79EFBC}") = "Validator", "Validator\Validator.csproj", "{8E29490D-2183-4189-BBD4-CE03103E08A2}"
EndProject
Project("{FAE04EC0-301F-11D3-BF4B-00C04F79EFBC}") = "WebApi", "WebApi\WebApi.csproj", "{687189D2-59D0-4355-BBB0-6309C369E696}"
EndProject
Project("{FAE04EC0-301F-11D3-BF4B-00C04F79EFBC}") = "WebApp", "WebApp\WebApp.csproj", "{D8823D6D-ECEC-45E8-BED7-6DDE73E3EFB9}"
EndProject
Global
	GlobalSection(SolutionConfigurationPlatforms) = preSolution
		Debug|Any CPU = Debug|Any CPU
		Release|Any CPU = Release|Any CPU
	EndGlobalSection
	GlobalSection(ProjectConfigurationPlatforms) = postSolution
		{8E29490D-2183-4189-BBD4-CE03103E08A2}.Debug|Any CPU.ActiveCfg = Debug|Any CPU
		{8E29490D-2183-4189-BBD4-CE03103E08A2}.Debug|Any CPU.Build.0 = Debug|Any CPU
		{8E29490D-2183-4189-BBD4-CE03103E08A2}.Release|Any CPU.ActiveCfg = Release|Any CPU
		{8E29490D-2183-4189-BBD4-CE03103E08A2}.Release|Any CPU.Build.0 = Release|Any CPU
		{687189D2-59D0-4355-BBB0-6309C369E696}.Debug|Any CPU.ActiveCfg = Debug|Any CPU
		{687189D2-59D0-4355-BBB0-6309C369E696}.Debug|Any CPU.Build.0 = Debug|Any CPU
		{687189D2-59D0-4355-BBB0-6309C369E696}.Release|Any CPU.ActiveCfg = Release|Any CPU
		{687189D2-59D0-4355-BBB0-6309C369E696}.Release|Any CPU.Build.0 = Release|Any CPU
		{D8823D6D-ECEC-45E8-BED7-6DDE73E3EFB9}.Debug|Any CPU.ActiveCfg = Debug|Any CPU
		{D8823D6D-ECEC-45E8-BED7-6DDE73E3EFB9}.Debug|Any CPU.Build.0 = Debug|Any CPU
		{D8823D6D-ECEC-45E8-BED7-6DDE73E3EFB9}.Release|Any CPU.ActiveCfg = Release|Any CPU
		{D8823D6D-ECEC-45E8-BED7-6DDE73E3EFB9}.Release|Any CPU.Build.0 = Release|Any CPU
	EndGlobalSection
	GlobalSection(SolutionProperties) = preSolution
		HideSolutionNode = FALSE
	EndGlobalSection
EndGlobal
